
Microsoft Visual Studio Solution File, Format Version 12.00
# Visual Studio Version 16
VisualStudioVersion = 16.0.31424.327
MinimumVisualStudioVersion = 10.0.40219.1
Project("{8BC9CEB8-8B4A-11D0-8D11-00A0C91BC942}") = "Computer room reservation system", "Computer room reservation system.vcxproj", "{DC379DE7-707E-4E1E-8FDC-8BB90EAF45AF}"
EndProject
Global
	GlobalSection(SolutionConfigurationPlatforms) = preSolution
		Debug|x64 = Debug|x64
		Debug|x86 = Debug|x86
		Release|x64 = Release|x64
		Release|x86 = Release|x86
	EndGlobalSection
	GlobalSection(ProjectConfigurationPlatforms) = postSolution
		{DC379DE7-707E-4E1E-8FDC-8BB90EAF45AF}.Debug|x64.ActiveCfg = Debug|x64
		{DC379DE7-707E-4E1E-8FDC-8BB90EAF45AF}.Debug|x64.Build.0 = Debug|x64
		{DC379DE7-707E-4E1E-8FDC-8BB90EAF45AF}.Debug|x86.ActiveCfg = Debug|Win32
		{DC379DE7-707E-4E1E-8FDC-8BB90EAF45AF}.Debug|x86.Build.0 = Debug|Win32
		{DC379DE7-707E-4E1E-8FDC-8BB90EAF45AF}.Release|x64.ActiveCfg = Release|x64
		{DC379DE7-707E-4E1E-8FDC-8BB90EAF45AF}.Release|x64.Build.0 = Release|x64
		{DC379DE7-707E-4E1E-8FDC-8BB90EAF45AF}.Release|x86.ActiveCfg = Release|Win32
		{DC379DE7-707E-4E1E-8FDC-8BB90EAF45AF}.Release|x86.Build.0 = Release|Win32
	EndGlobalSection
	GlobalSection(SolutionProperties) = preSolution
		HideSolutionNode = FALSE
	EndGlobalSection
	GlobalSection(ExtensibilityGlobals) = postSolution
		SolutionGuid = {412EAE82-508C-4F36-A6F8-D0478BC3A1C3}
	EndGlobalSection
EndGlobal
